
Microsoft Visual Studio Solution File, Format Version 12.00
# Visual Studio Version 17
VisualStudioVersion = 17.2.32630.192
MinimumVisualStudioVersion = 10.0.40219.1
Project("{FAE04EC0-301F-11D3-BF4B-00C04F79EFBC}") = "StockAccountManagement", "StockAccountManagement.csproj", "{C3FE6633-380F-4E70-BD10-EB89CDFAB54A}"
EndProject
Global
	GlobalSection(SolutionConfigurationPlatforms) = preSolution
		Debug|Any CPU = Debug|Any CPU
		Release|Any CPU = Release|Any CPU
	EndGlobalSection
	GlobalSection(ProjectConfigurationPlatforms) = postSolution
		{C3FE6633-380F-4E70-BD10-EB89CDFAB54A}.Debug|Any CPU.ActiveCfg = Debug|Any CPU
		{C3FE6633-380F-4E70-BD10-EB89CDFAB54A}.Debug|Any CPU.Build.0 = Debug|Any CPU
		{C3FE6633-380F-4E70-BD10-EB89CDFAB54A}.Release|Any CPU.ActiveCfg = Release|Any CPU
		{C3FE6633-380F-4E70-BD10-EB89CDFAB54A}.Release|Any CPU.Build.0 = Release|Any CPU
	EndGlobalSection
	GlobalSection(SolutionProperties) = preSolution
		HideSolutionNode = FALSE
	EndGlobalSection
	GlobalSection(ExtensibilityGlobals) = postSolution
		SolutionGuid = {0AECEC85-7EC4-4D45-AEDE-DACB18272374}
	EndGlobalSection
EndGlobal
